
Microsoft Visual Studio Solution File, Format Version 12.00
# Visual Studio Version 16
VisualStudioVersion = 16.0.31105.61
MinimumVisualStudioVersion = 10.0.40219.1
Project("{FAE04EC0-301F-11D3-BF4B-00C04F79EFBC}") = "4praktika", "4praktika.csproj", "{338F6E61-B9CC-4BBC-8E42-DE80EA065990}"
EndProject
Global
	GlobalSection(SolutionConfigurationPlatforms) = preSolution
		Debug|Any CPU = Debug|Any CPU
		Release|Any CPU = Release|Any CPU
	EndGlobalSection
	GlobalSection(ProjectConfigurationPlatforms) = postSolution
		{338F6E61-B9CC-4BBC-8E42-DE80EA065990}.Debug|Any CPU.ActiveCfg = Debug|Any CPU
		{338F6E61-B9CC-4BBC-8E42-DE80EA065990}.Debug|Any CPU.Build.0 = Debug|Any CPU
		{338F6E61-B9CC-4BBC-8E42-DE80EA065990}.Release|Any CPU.ActiveCfg = Release|Any CPU
		{338F6E61-B9CC-4BBC-8E42-DE80EA065990}.Release|Any CPU.Build.0 = Release|Any CPU
	EndGlobalSection
	GlobalSection(SolutionProperties) = preSolution
		HideSolutionNode = FALSE
	EndGlobalSection
	GlobalSection(ExtensibilityGlobals) = postSolution
		SolutionGuid = {23673278-B1F2-4815-94B4-13CDF12E8496}
	EndGlobalSection
EndGlobal
